
Microsoft Visual Studio Solution File, Format Version 12.00
# Visual Studio Version 17
VisualStudioVersion = 17.11.35303.130
MinimumVisualStudioVersion = 10.0.40219.1
Project("{FAE04EC0-301F-11D3-BF4B-00C04F79EFBC}") = "SmilePuzzle", "SmilePuzzle.csproj", "{B3111E9A-D40D-4C1F-8D1C-D29A3F23B8DD}"
EndProject
Global
	GlobalSection(SolutionConfigurationPlatforms) = preSolution
		Debug|Any CPU = Debug|Any CPU
		Release|Any CPU = Release|Any CPU
	EndGlobalSection
	GlobalSection(ProjectConfigurationPlatforms) = postSolution
		{B3111E9A-D40D-4C1F-8D1C-D29A3F23B8DD}.Debug|Any CPU.ActiveCfg = Debug|Any CPU
		{B3111E9A-D40D-4C1F-8D1C-D29A3F23B8DD}.Debug|Any CPU.Build.0 = Debug|Any CPU
		{B3111E9A-D40D-4C1F-8D1C-D29A3F23B8DD}.Release|Any CPU.ActiveCfg = Release|Any CPU
		{B3111E9A-D40D-4C1F-8D1C-D29A3F23B8DD}.Release|Any CPU.Build.0 = Release|Any CPU
	EndGlobalSection
	GlobalSection(SolutionProperties) = preSolution
		HideSolutionNode = FALSE
	EndGlobalSection
	GlobalSection(ExtensibilityGlobals) = postSolution
		SolutionGuid = {119BDEE9-7578-457A-85A7-EF9EACE08FF4}
	EndGlobalSection
EndGlobal
